{
  "name": "ngx-admin-demo",
  "requires": true,
  "lockfileVersion": 1,
  "dependencies": {
    "@angular/cdk": {
      "version": "12.2.4",
      "resolved": "https://registry.npmjs.org/@angular/cdk/-/cdk-12.2.4.tgz",
      "integrity": "sha512-XvdMWz2iJgcSD0fMM9I29i9/XV4/1MTqSPN+c5EIESLXhjhh4o6VFOsKcj4BfrJxO6tadqA0AdGA0AJfP+de/w==",
      "requires": {
        "parse5": "^5.0.0",
        "tslib": "^2.2.0"
      }
    },
    "@ng-select/ng-select": {
      "version": "7.2.0",
      "resolved": "https://registry.npmjs.org/@ng-select/ng-select/-/ng-select-7.2.0.tgz",
      "integrity": "sha512-o4A8DAIV36lOy3xzIE0cYH5psACcIYDOfU3XzQQ+/WCKO1ChNH0cXUWtOAI1B/AF1yW/NpADxPPbFcrknAuYaA==",
      "requires": {
        "tslib": "^2.0.0"
      }
    },
    "@ngx-lite/input-tag": {
      "version": "0.4.10",
      "resolved": "https://registry.npmjs.org/@ngx-lite/input-tag/-/input-tag-0.4.10.tgz",
      "integrity": "sha512-LIg0qbfob38SDB1oVs34SVU1dBrutuFkPD7EsxvQpiQCdiMd0/Ghgkk4B3epoqhLVOQ6j3UzJXg8kYMzGFOrfA==",
      "requires": {
        "tslib": "^2.0.0"
      }
    },
    "angular-bootstrap-md": {
      "version": "8.10.1",
      "resolved": "https://registry.npmjs.org/angular-bootstrap-md/-/angular-bootstrap-md-8.10.1.tgz",
      "integrity": "sha512-QGOCjAeLrIQg9jNyNJNEKl35y87MDXljmhrk/hOFduSOhuu7FhQRQa5sn9LRvso+sCGryf4h5r6RmSPPjXZCyA==",
      "requires": {
        "tslib": "^1.9.0"
      },
      "dependencies": {
        "tslib": {
          "version": "1.14.1",
          "resolved": "https://registry.npmjs.org/tslib/-/tslib-1.14.1.tgz",
          "integrity": "sha512-Xni35NKzjgMrwevysHTCArtLDpPvye8zV/0E4EyYn43P7/7qvQwPh9BGkHewbMulVntbigmcT7rdX3BNo9wRJg=="
        }
      }
    },
    "ng-multiselect-dropdown": {
      "version": "0.3.4",
      "resolved": "https://registry.npmjs.org/ng-multiselect-dropdown/-/ng-multiselect-dropdown-0.3.4.tgz",
      "integrity": "sha512-ZUzA4apGY7Y0MW7scF35iPYy4/DpIRhZcQiTICDJFs66+JoJOE+YqA+Tx9C2Ylv0B8tADX7PAsTQL9Jys1vWiQ==",
      "requires": {
        "tslib": "^1.9.0"
      },
      "dependencies": {
        "tslib": {
          "version": "1.14.1",
          "resolved": "https://registry.npmjs.org/tslib/-/tslib-1.14.1.tgz",
          "integrity": "sha512-Xni35NKzjgMrwevysHTCArtLDpPvye8zV/0E4EyYn43P7/7qvQwPh9BGkHewbMulVntbigmcT7rdX3BNo9wRJg=="
        }
      }
    },
    "ng2-material-dropdown": {
      "version": "0.11.0",
      "resolved": "https://registry.npmjs.org/ng2-material-dropdown/-/ng2-material-dropdown-0.11.0.tgz",
      "integrity": "sha512-wptBo09qKecY0QPTProAThrc4A3ajJTcHE9LTpCG5XZZUhXLBzhnGK8OW33TN8A+K/jqcs7OB74ppYJiqs3nhQ==",
      "requires": {
        "tslib": "^1.9.0"
      },
      "dependencies": {
        "tslib": {
          "version": "1.14.1",
          "resolved": "https://registry.npmjs.org/tslib/-/tslib-1.14.1.tgz",
          "integrity": "sha512-Xni35NKzjgMrwevysHTCArtLDpPvye8zV/0E4EyYn43P7/7qvQwPh9BGkHewbMulVntbigmcT7rdX3BNo9wRJg=="
        }
      }
    },
    "ngx-chips": {
      "version": "2.2.2",
      "resolved": "https://registry.npmjs.org/ngx-chips/-/ngx-chips-2.2.2.tgz",
      "integrity": "sha512-ZrkqiE4mtTo8cBA4+2C/OBeyPuvC6dgNPz7VflerbpTF8Qp6WwCGnZb4ApH+kcmBpSDSxHAE9lMYuYIrF+rFgA==",
      "requires": {
        "ng2-material-dropdown": ">=0.11.0",
        "tslib": "^1.10.0"
      },
      "dependencies": {
        "tslib": {
          "version": "1.14.1",
          "resolved": "https://registry.npmjs.org/tslib/-/tslib-1.14.1.tgz",
          "integrity": "sha512-Xni35NKzjgMrwevysHTCArtLDpPvye8zV/0E4EyYn43P7/7qvQwPh9BGkHewbMulVntbigmcT7rdX3BNo9wRJg=="
        }
      }
    },
    "parse5": {
      "version": "5.1.1",
      "resolved": "https://registry.npmjs.org/parse5/-/parse5-5.1.1.tgz",
      "integrity": "sha512-ugq4DFI0Ptb+WWjAdOK16+u/nHfiIrcE+sh8kZMaM0WllQKLI9rOUq6c2b7cwPkXdzfQESqvoqK6ug7U/Yyzug==",
      "optional": true
    },
    "tslib": {
      "version": "2.3.1",
      "resolved": "https://registry.npmjs.org/tslib/-/tslib-2.3.1.tgz",
      "integrity": "sha512-77EbyPPpMz+FRFRuAFlWMtmgUWGe9UOG2Z25NqCwiIjRhOf5iKGuzSe5P2w1laq+FkRy4p+PCuVkJSGkzTEKVw=="
    }
  }
}
